
Microsoft Visual Studio Solution File, Format Version 12.00
# Visual Studio Version 17
VisualStudioVersion = 17.7.34009.444
MinimumVisualStudioVersion = 10.0.40219.1
Project("{FAE04EC0-301F-11D3-BF4B-00C04F79EFBC}") = "WebApiClientConsole", "WebApiClientConsole.csproj", "{3C75E813-5FB8-4B6D-83D2-FA8301C0AB0E}"
EndProject
Global
	GlobalSection(SolutionConfigurationPlatforms) = preSolution
		Debug|Any CPU = Debug|Any CPU
		Release|Any CPU = Release|Any CPU
	EndGlobalSection
	GlobalSection(ProjectConfigurationPlatforms) = postSolution
		{3C75E813-5FB8-4B6D-83D2-FA8301C0AB0E}.Debug|Any CPU.ActiveCfg = Debug|Any CPU
		{3C75E813-5FB8-4B6D-83D2-FA8301C0AB0E}.Debug|Any CPU.Build.0 = Debug|Any CPU
		{3C75E813-5FB8-4B6D-83D2-FA8301C0AB0E}.Release|Any CPU.ActiveCfg = Release|Any CPU
		{3C75E813-5FB8-4B6D-83D2-FA8301C0AB0E}.Release|Any CPU.Build.0 = Release|Any CPU
	EndGlobalSection
	GlobalSection(SolutionProperties) = preSolution
		HideSolutionNode = FALSE
	EndGlobalSection
	GlobalSection(ExtensibilityGlobals) = postSolution
		SolutionGuid = {51C4E730-B6DC-45B8-88A8-95B11D890FD9}
	EndGlobalSection
EndGlobal
